
Microsoft Visual Studio Solution File, Format Version 12.00
# Visual Studio Version 17
VisualStudioVersion = 17.10.35013.160
MinimumVisualStudioVersion = 10.0.40219.1
Project("{FAE04EC0-301F-11D3-BF4B-00C04F79EFBC}") = "PB102Exception", "PB102Exception\PB102Exception.csproj", "{290BA1E6-A0B1-46F9-B7A5-2FCCC35F1E6D}"
EndProject
Global
	GlobalSection(SolutionConfigurationPlatforms) = preSolution
		Debug|Any CPU = Debug|Any CPU
		Release|Any CPU = Release|Any CPU
	EndGlobalSection
	GlobalSection(ProjectConfigurationPlatforms) = postSolution
		{290BA1E6-A0B1-46F9-B7A5-2FCCC35F1E6D}.Debug|Any CPU.ActiveCfg = Debug|Any CPU
		{290BA1E6-A0B1-46F9-B7A5-2FCCC35F1E6D}.Debug|Any CPU.Build.0 = Debug|Any CPU
		{290BA1E6-A0B1-46F9-B7A5-2FCCC35F1E6D}.Release|Any CPU.ActiveCfg = Release|Any CPU
		{290BA1E6-A0B1-46F9-B7A5-2FCCC35F1E6D}.Release|Any CPU.Build.0 = Release|Any CPU
	EndGlobalSection
	GlobalSection(SolutionProperties) = preSolution
		HideSolutionNode = FALSE
	EndGlobalSection
	GlobalSection(ExtensibilityGlobals) = postSolution
		SolutionGuid = {2FCC648A-2FD2-49DD-8FF1-02B760F39F1F}
	EndGlobalSection
EndGlobal
