
Microsoft Visual Studio Solution File, Format Version 12.00
# Visual Studio Version 17
VisualStudioVersion = 17.10.35013.160
MinimumVisualStudioVersion = 10.0.40219.1
Project("{FAE04EC0-301F-11D3-BF4B-00C04F79EFBC}") = "AbstractInterface", "AbstractInterface\AbstractInterface.csproj", "{655ACF50-95DB-4290-A381-250FB4FF3329}"
EndProject
Global
	GlobalSection(SolutionConfigurationPlatforms) = preSolution
		Debug|Any CPU = Debug|Any CPU
		Release|Any CPU = Release|Any CPU
	EndGlobalSection
	GlobalSection(ProjectConfigurationPlatforms) = postSolution
		{655ACF50-95DB-4290-A381-250FB4FF3329}.Debug|Any CPU.ActiveCfg = Debug|Any CPU
		{655ACF50-95DB-4290-A381-250FB4FF3329}.Debug|Any CPU.Build.0 = Debug|Any CPU
		{655ACF50-95DB-4290-A381-250FB4FF3329}.Release|Any CPU.ActiveCfg = Release|Any CPU
		{655ACF50-95DB-4290-A381-250FB4FF3329}.Release|Any CPU.Build.0 = Release|Any CPU
	EndGlobalSection
	GlobalSection(SolutionProperties) = preSolution
		HideSolutionNode = FALSE
	EndGlobalSection
	GlobalSection(ExtensibilityGlobals) = postSolution
		SolutionGuid = {FA7FDAE0-9A1D-4E80-A234-D5899E9CEABC}
	EndGlobalSection
EndGlobal
