
Microsoft Visual Studio Solution File, Format Version 12.00
# Visual Studio Version 17
VisualStudioVersion = 17.10.35013.160
MinimumVisualStudioVersion = 10.0.40219.1
Project("{FAE04EC0-301F-11D3-BF4B-00C04F79EFBC}") = "Dll_NameSpace", "Dll_NameSpace\Dll_NameSpace.csproj", "{9933B27E-FCDD-433A-AB44-17D484D8473B}"
EndProject
Project("{FAE04EC0-301F-11D3-BF4B-00C04F79EFBC}") = "CL", "CL\CL.csproj", "{B7ABFB40-4E05-406F-9913-4B897302F6DC}"
EndProject
Global
	GlobalSection(SolutionConfigurationPlatforms) = preSolution
		Debug|Any CPU = Debug|Any CPU
		Release|Any CPU = Release|Any CPU
	EndGlobalSection
	GlobalSection(ProjectConfigurationPlatforms) = postSolution
		{9933B27E-FCDD-433A-AB44-17D484D8473B}.Debug|Any CPU.ActiveCfg = Debug|Any CPU
		{9933B27E-FCDD-433A-AB44-17D484D8473B}.Debug|Any CPU.Build.0 = Debug|Any CPU
		{9933B27E-FCDD-433A-AB44-17D484D8473B}.Release|Any CPU.ActiveCfg = Release|Any CPU
		{9933B27E-FCDD-433A-AB44-17D484D8473B}.Release|Any CPU.Build.0 = Release|Any CPU
		{B7ABFB40-4E05-406F-9913-4B897302F6DC}.Debug|Any CPU.ActiveCfg = Debug|Any CPU
		{B7ABFB40-4E05-406F-9913-4B897302F6DC}.Debug|Any CPU.Build.0 = Debug|Any CPU
		{B7ABFB40-4E05-406F-9913-4B897302F6DC}.Release|Any CPU.ActiveCfg = Release|Any CPU
		{B7ABFB40-4E05-406F-9913-4B897302F6DC}.Release|Any CPU.Build.0 = Release|Any CPU
	EndGlobalSection
	GlobalSection(SolutionProperties) = preSolution
		HideSolutionNode = FALSE
	EndGlobalSection
	GlobalSection(ExtensibilityGlobals) = postSolution
		SolutionGuid = {CB2F720A-1DD8-443D-AEB2-33980D7ECEDA}
	EndGlobalSection
EndGlobal
