
Microsoft Visual Studio Solution File, Format Version 12.00
# Visual Studio Version 17
VisualStudioVersion = 17.10.35013.160
MinimumVisualStudioVersion = 10.0.40219.1
Project("{FAE04EC0-301F-11D3-BF4B-00C04F79EFBC}") = "Static.Extension", "Static.Extension\Static.Extension.csproj", "{43ECB932-AFA0-41DA-8E7A-BE88D0218D32}"
EndProject
Global
	GlobalSection(SolutionConfigurationPlatforms) = preSolution
		Debug|Any CPU = Debug|Any CPU
		Release|Any CPU = Release|Any CPU
	EndGlobalSection
	GlobalSection(ProjectConfigurationPlatforms) = postSolution
		{43ECB932-AFA0-41DA-8E7A-BE88D0218D32}.Debug|Any CPU.ActiveCfg = Debug|Any CPU
		{43ECB932-AFA0-41DA-8E7A-BE88D0218D32}.Debug|Any CPU.Build.0 = Debug|Any CPU
		{43ECB932-AFA0-41DA-8E7A-BE88D0218D32}.Release|Any CPU.ActiveCfg = Release|Any CPU
		{43ECB932-AFA0-41DA-8E7A-BE88D0218D32}.Release|Any CPU.Build.0 = Release|Any CPU
	EndGlobalSection
	GlobalSection(SolutionProperties) = preSolution
		HideSolutionNode = FALSE
	EndGlobalSection
	GlobalSection(ExtensibilityGlobals) = postSolution
		SolutionGuid = {38109225-EB6C-4786-ABF9-0492C862ED1C}
	EndGlobalSection
EndGlobal
