
Microsoft Visual Studio Solution File, Format Version 12.00
# Visual Studio Version 17
VisualStudioVersion = 17.10.35013.160
MinimumVisualStudioVersion = 10.0.40219.1
Project("{FAE04EC0-301F-11D3-BF4B-00C04F79EFBC}") = "StructCasting", "StructCasting\StructCasting.csproj", "{042CAA4E-DC32-4794-8CD9-BF7F6330A4CA}"
EndProject
Global
	GlobalSection(SolutionConfigurationPlatforms) = preSolution
		Debug|Any CPU = Debug|Any CPU
		Release|Any CPU = Release|Any CPU
	EndGlobalSection
	GlobalSection(ProjectConfigurationPlatforms) = postSolution
		{042CAA4E-DC32-4794-8CD9-BF7F6330A4CA}.Debug|Any CPU.ActiveCfg = Debug|Any CPU
		{042CAA4E-DC32-4794-8CD9-BF7F6330A4CA}.Debug|Any CPU.Build.0 = Debug|Any CPU
		{042CAA4E-DC32-4794-8CD9-BF7F6330A4CA}.Release|Any CPU.ActiveCfg = Release|Any CPU
		{042CAA4E-DC32-4794-8CD9-BF7F6330A4CA}.Release|Any CPU.Build.0 = Release|Any CPU
	EndGlobalSection
	GlobalSection(SolutionProperties) = preSolution
		HideSolutionNode = FALSE
	EndGlobalSection
	GlobalSection(ExtensibilityGlobals) = postSolution
		SolutionGuid = {E85A4D37-810C-47BD-B90E-A51B23095435}
	EndGlobalSection
EndGlobal
