
Microsoft Visual Studio Solution File, Format Version 12.00
# Visual Studio Version 17
VisualStudioVersion = 17.10.35013.160
MinimumVisualStudioVersion = 10.0.40219.1
Project("{FAE04EC0-301F-11D3-BF4B-00C04F79EFBC}") = "Asynchronous", "Asynchronous\Asynchronous.csproj", "{47ABBCE7-DA15-4959-BE7D-612DE1249E4F}"
EndProject
Global
	GlobalSection(SolutionConfigurationPlatforms) = preSolution
		Debug|Any CPU = Debug|Any CPU
		Release|Any CPU = Release|Any CPU
	EndGlobalSection
	GlobalSection(ProjectConfigurationPlatforms) = postSolution
		{47ABBCE7-DA15-4959-BE7D-612DE1249E4F}.Debug|Any CPU.ActiveCfg = Debug|Any CPU
		{47ABBCE7-DA15-4959-BE7D-612DE1249E4F}.Debug|Any CPU.Build.0 = Debug|Any CPU
		{47ABBCE7-DA15-4959-BE7D-612DE1249E4F}.Release|Any CPU.ActiveCfg = Release|Any CPU
		{47ABBCE7-DA15-4959-BE7D-612DE1249E4F}.Release|Any CPU.Build.0 = Release|Any CPU
	EndGlobalSection
	GlobalSection(SolutionProperties) = preSolution
		HideSolutionNode = FALSE
	EndGlobalSection
	GlobalSection(ExtensibilityGlobals) = postSolution
		SolutionGuid = {DDB1225B-1B85-40B3-91C3-AF01DF78CC87}
	EndGlobalSection
EndGlobal
